
Microsoft Visual Studio Solution File, Format Version 12.00
# Visual Studio Version 17
VisualStudioVersion = 17.7.34009.444
MinimumVisualStudioVersion = 10.0.40219.1
Project("{FAE04EC0-301F-11D3-BF4B-00C04F79EFBC}") = "demoApp", "demoApp.csproj", "{D95CA8D3-8FC3-455D-86CF-6888CCD7581A}"
EndProject
Global
	GlobalSection(SolutionConfigurationPlatforms) = preSolution
		Debug|Any CPU = Debug|Any CPU
		Release|Any CPU = Release|Any CPU
	EndGlobalSection
	GlobalSection(ProjectConfigurationPlatforms) = postSolution
		{D95CA8D3-8FC3-455D-86CF-6888CCD7581A}.Debug|Any CPU.ActiveCfg = Debug|Any CPU
		{D95CA8D3-8FC3-455D-86CF-6888CCD7581A}.Debug|Any CPU.Build.0 = Debug|Any CPU
		{D95CA8D3-8FC3-455D-86CF-6888CCD7581A}.Release|Any CPU.ActiveCfg = Release|Any CPU
		{D95CA8D3-8FC3-455D-86CF-6888CCD7581A}.Release|Any CPU.Build.0 = Release|Any CPU
	EndGlobalSection
	GlobalSection(SolutionProperties) = preSolution
		HideSolutionNode = FALSE
	EndGlobalSection
	GlobalSection(ExtensibilityGlobals) = postSolution
		SolutionGuid = {0F289704-9346-447F-A571-30A7557E9E5F}
	EndGlobalSection
EndGlobal
