
Microsoft Visual Studio Solution File, Format Version 12.00
# Visual Studio Version 17
VisualStudioVersion = 17.8.34511.84
MinimumVisualStudioVersion = 10.0.40219.1
Project("{FAE04EC0-301F-11D3-BF4B-00C04F79EFBC}") = "Ecommerce2", "Ecommerce2.csproj", "{E77F7377-B174-4F7F-8998-3AFC112E4E5E}"
EndProject
Global
	GlobalSection(SolutionConfigurationPlatforms) = preSolution
		Debug|Any CPU = Debug|Any CPU
		Release|Any CPU = Release|Any CPU
	EndGlobalSection
	GlobalSection(ProjectConfigurationPlatforms) = postSolution
		{E77F7377-B174-4F7F-8998-3AFC112E4E5E}.Debug|Any CPU.ActiveCfg = Debug|Any CPU
		{E77F7377-B174-4F7F-8998-3AFC112E4E5E}.Debug|Any CPU.Build.0 = Debug|Any CPU
		{E77F7377-B174-4F7F-8998-3AFC112E4E5E}.Release|Any CPU.ActiveCfg = Release|Any CPU
		{E77F7377-B174-4F7F-8998-3AFC112E4E5E}.Release|Any CPU.Build.0 = Release|Any CPU
	EndGlobalSection
	GlobalSection(SolutionProperties) = preSolution
		HideSolutionNode = FALSE
	EndGlobalSection
	GlobalSection(ExtensibilityGlobals) = postSolution
		SolutionGuid = {A8730F9C-8962-47C3-818B-6D079556722C}
	EndGlobalSection
EndGlobal
