
Microsoft Visual Studio Solution File, Format Version 12.00
# Visual Studio Version 17
VisualStudioVersion = 17.8.34511.84
MinimumVisualStudioVersion = 10.0.40219.1
Project("{FAE04EC0-301F-11D3-BF4B-00C04F79EFBC}") = "AnonymousApp", "AnonymousApp.csproj", "{07B40DCE-6963-44B6-B287-C55DD0284634}"
EndProject
Global
	GlobalSection(SolutionConfigurationPlatforms) = preSolution
		Debug|Any CPU = Debug|Any CPU
		Release|Any CPU = Release|Any CPU
	EndGlobalSection
	GlobalSection(ProjectConfigurationPlatforms) = postSolution
		{07B40DCE-6963-44B6-B287-C55DD0284634}.Debug|Any CPU.ActiveCfg = Debug|Any CPU
		{07B40DCE-6963-44B6-B287-C55DD0284634}.Debug|Any CPU.Build.0 = Debug|Any CPU
		{07B40DCE-6963-44B6-B287-C55DD0284634}.Release|Any CPU.ActiveCfg = Release|Any CPU
		{07B40DCE-6963-44B6-B287-C55DD0284634}.Release|Any CPU.Build.0 = Release|Any CPU
	EndGlobalSection
	GlobalSection(SolutionProperties) = preSolution
		HideSolutionNode = FALSE
	EndGlobalSection
	GlobalSection(ExtensibilityGlobals) = postSolution
		SolutionGuid = {C66DF621-FA3D-4CE8-9A3C-82CBD2DFCE56}
	EndGlobalSection
EndGlobal
